
Microsoft Visual Studio Solution File, Format Version 12.00
# Visual Studio Version 17
VisualStudioVersion = 17.4.33205.214
MinimumVisualStudioVersion = 10.0.40219.1
Project("{9A19103F-16F7-4668-BE54-9A1E7A4F7556}") = "IndianStatesCensusAnalyser", "IndianStatesCensusAnalyser\IndianStatesCensusAnalyser.csproj", "{155EBFBC-DD15-4E64-8D02-BB4BAA7434B7}"
EndProject
Project("{FAE04EC0-301F-11D3-BF4B-00C04F79EFBC}") = "IndianStateCensusTest", "IndianStateCensusTest\IndianStateCensusTest.csproj", "{52393242-690C-47D7-93A9-94A5B3AF597B}"
EndProject
Global
	GlobalSection(SolutionConfigurationPlatforms) = preSolution
		Debug|Any CPU = Debug|Any CPU
		Release|Any CPU = Release|Any CPU
	EndGlobalSection
	GlobalSection(ProjectConfigurationPlatforms) = postSolution
		{155EBFBC-DD15-4E64-8D02-BB4BAA7434B7}.Debug|Any CPU.ActiveCfg = Debug|Any CPU
		{155EBFBC-DD15-4E64-8D02-BB4BAA7434B7}.Debug|Any CPU.Build.0 = Debug|Any CPU
		{155EBFBC-DD15-4E64-8D02-BB4BAA7434B7}.Release|Any CPU.ActiveCfg = Release|Any CPU
		{155EBFBC-DD15-4E64-8D02-BB4BAA7434B7}.Release|Any CPU.Build.0 = Release|Any CPU
		{52393242-690C-47D7-93A9-94A5B3AF597B}.Debug|Any CPU.ActiveCfg = Debug|Any CPU
		{52393242-690C-47D7-93A9-94A5B3AF597B}.Debug|Any CPU.Build.0 = Debug|Any CPU
		{52393242-690C-47D7-93A9-94A5B3AF597B}.Release|Any CPU.ActiveCfg = Release|Any CPU
		{52393242-690C-47D7-93A9-94A5B3AF597B}.Release|Any CPU.Build.0 = Release|Any CPU
	EndGlobalSection
	GlobalSection(SolutionProperties) = preSolution
		HideSolutionNode = FALSE
	EndGlobalSection
	GlobalSection(ExtensibilityGlobals) = postSolution
		SolutionGuid = {AE602B83-E197-43D3-BEDD-587338AEFBD2}
	EndGlobalSection
EndGlobal
